Microsoft Visual Studio Solution File, Format Version 12.00
# Visual Studio 2013
Project("{8BC9CEB8-8B4A-11D0-8D11-00A0C91BC942}") = "ALL_BUILD", "ALL_BUILD.vcxproj", "{080057E3-0B4F-4470-A795-126F068A2CC3}"
	ProjectSection(ProjectDependencies) = postProject
		{B32F4C13-0BEE-433A-A8CA-0D90EEE93261} = {B32F4C13-0BEE-433A-A8CA-0D90EEE93261}
		{5A79CF56-D65A-46CA-B7C0-F8A7798764D8} = {5A79CF56-D65A-46CA-B7C0-F8A7798764D8}
		{4668AC58-0281-4019-A955-91DA52ACC361} = {4668AC58-0281-4019-A955-91DA52ACC361}
		{77BB5C26-CF36-4FD8-A71A-D1FFE475C24F} = {77BB5C26-CF36-4FD8-A71A-D1FFE475C24F}
	EndProjectSection
EndProject
Project("{8BC9CEB8-8B4A-11D0-8D11-00A0C91BC942}") = "INSTALL", "INSTALL.vcxproj", "{8386436A-651D-421D-B930-EAB09E3B0811}"
	ProjectSection(ProjectDependencies) = postProject
		{080057E3-0B4F-4470-A795-126F068A2CC3} = {080057E3-0B4F-4470-A795-126F068A2CC3}
	EndProjectSection
EndProject
Project("{8BC9CEB8-8B4A-11D0-8D11-00A0C91BC942}") = "ZERO_CHECK", "ZERO_CHECK.vcxproj", "{B32F4C13-0BEE-433A-A8CA-0D90EEE93261}"
	ProjectSection(ProjectDependencies) = postProject
	EndProjectSection
EndProject
Project("{8BC9CEB8-8B4A-11D0-8D11-00A0C91BC942}") = "skopworks", "src\skopworks\skopworks.vcxproj", "{5A79CF56-D65A-46CA-B7C0-F8A7798764D8}"
	ProjectSection(ProjectDependencies) = postProject
		{B32F4C13-0BEE-433A-A8CA-0D90EEE93261} = {B32F4C13-0BEE-433A-A8CA-0D90EEE93261}
		{4668AC58-0281-4019-A955-91DA52ACC361} = {4668AC58-0281-4019-A955-91DA52ACC361}
	EndProjectSection
EndProject
Project("{8BC9CEB8-8B4A-11D0-8D11-00A0C91BC942}") = "skopworksLib", "src\skopworksLib\skopworksLib.vcxproj", "{4668AC58-0281-4019-A955-91DA52ACC361}"
	ProjectSection(ProjectDependencies) = postProject
		{B32F4C13-0BEE-433A-A8CA-0D90EEE93261} = {B32F4C13-0BEE-433A-A8CA-0D90EEE93261}
	EndProjectSection
EndProject
Project("{8BC9CEB8-8B4A-11D0-8D11-00A0C91BC942}") = "skopworksTest", "src\skopworksTest\skopworksTest.vcxproj", "{77BB5C26-CF36-4FD8-A71A-D1FFE475C24F}"
	ProjectSection(ProjectDependencies) = postProject
		{B32F4C13-0BEE-433A-A8CA-0D90EEE93261} = {B32F4C13-0BEE-433A-A8CA-0D90EEE93261}
		{4668AC58-0281-4019-A955-91DA52ACC361} = {4668AC58-0281-4019-A955-91DA52ACC361}
	EndProjectSection
EndProject
Project("{2150E333-8FDC-42A3-9474-1A3956D46DE8}") = "CMakePredefinedTargets", "CMakePredefinedTargets", "{7A6A1CB4-6E99-433C-BD56-ED071739EA74}"
EndProject
Project("{2150E333-8FDC-42A3-9474-1A3956D46DE8}") = "Libraries", "Libraries", "{FB2DB603-5802-47BB-9841-582F73B6CA0A}"
EndProject
Project("{2150E333-8FDC-42A3-9474-1A3956D46DE8}") = "Projects", "Projects", "{F2C39A37-B50F-4C49-ACDD-8E4D3BE440F5}"
EndProject
Project("{2150E333-8FDC-42A3-9474-1A3956D46DE8}") = "Tests", "Tests", "{C9523738-6774-4108-BBDE-FBE14D21C59F}"
EndProject
Global
	GlobalSection(SolutionConfigurationPlatforms) = preSolution
		Debug|Win32 = Debug|Win32
		Release|Win32 = Release|Win32
		RelWithDebInfo|Win32 = RelWithDebInfo|Win32
	EndGlobalSection
	GlobalSection(ProjectConfigurationPlatforms) = postSolution
		{080057E3-0B4F-4470-A795-126F068A2CC3}.Debug|Win32.ActiveCfg = Debug|Win32
		{080057E3-0B4F-4470-A795-126F068A2CC3}.Debug|Win32.Build.0 = Debug|Win32
		{080057E3-0B4F-4470-A795-126F068A2CC3}.Release|Win32.ActiveCfg = Release|Win32
		{080057E3-0B4F-4470-A795-126F068A2CC3}.Release|Win32.Build.0 = Release|Win32
		{080057E3-0B4F-4470-A795-126F068A2CC3}.RelWithDebInfo|Win32.ActiveCfg = RelWithDebInfo|Win32
		{080057E3-0B4F-4470-A795-126F068A2CC3}.RelWithDebInfo|Win32.Build.0 = RelWithDebInfo|Win32
		{8386436A-651D-421D-B930-EAB09E3B0811}.Debug|Win32.ActiveCfg = Debug|Win32
		{8386436A-651D-421D-B930-EAB09E3B0811}.Release|Win32.ActiveCfg = Release|Win32
		{8386436A-651D-421D-B930-EAB09E3B0811}.RelWithDebInfo|Win32.ActiveCfg = RelWithDebInfo|Win32
		{B32F4C13-0BEE-433A-A8CA-0D90EEE93261}.Debug|Win32.ActiveCfg = Debug|Win32
		{B32F4C13-0BEE-433A-A8CA-0D90EEE93261}.Debug|Win32.Build.0 = Debug|Win32
		{B32F4C13-0BEE-433A-A8CA-0D90EEE93261}.Release|Win32.ActiveCfg = Release|Win32
		{B32F4C13-0BEE-433A-A8CA-0D90EEE93261}.Release|Win32.Build.0 = Release|Win32
		{B32F4C13-0BEE-433A-A8CA-0D90EEE93261}.RelWithDebInfo|Win32.ActiveCfg = RelWithDebInfo|Win32
		{B32F4C13-0BEE-433A-A8CA-0D90EEE93261}.RelWithDebInfo|Win32.Build.0 = RelWithDebInfo|Win32
		{5A79CF56-D65A-46CA-B7C0-F8A7798764D8}.Debug|Win32.ActiveCfg = Debug|Win32
		{5A79CF56-D65A-46CA-B7C0-F8A7798764D8}.Debug|Win32.Build.0 = Debug|Win32
		{5A79CF56-D65A-46CA-B7C0-F8A7798764D8}.Release|Win32.ActiveCfg = Release|Win32
		{5A79CF56-D65A-46CA-B7C0-F8A7798764D8}.Release|Win32.Build.0 = Release|Win32
		{5A79CF56-D65A-46CA-B7C0-F8A7798764D8}.RelWithDebInfo|Win32.ActiveCfg = RelWithDebInfo|Win32
		{5A79CF56-D65A-46CA-B7C0-F8A7798764D8}.RelWithDebInfo|Win32.Build.0 = RelWithDebInfo|Win32
		{4668AC58-0281-4019-A955-91DA52ACC361}.Debug|Win32.ActiveCfg = Debug|Win32
		{4668AC58-0281-4019-A955-91DA52ACC361}.Debug|Win32.Build.0 = Debug|Win32
		{4668AC58-0281-4019-A955-91DA52ACC361}.Release|Win32.ActiveCfg = Release|Win32
		{4668AC58-0281-4019-A955-91DA52ACC361}.Release|Win32.Build.0 = Release|Win32
		{4668AC58-0281-4019-A955-91DA52ACC361}.RelWithDebInfo|Win32.ActiveCfg = RelWithDebInfo|Win32
		{4668AC58-0281-4019-A955-91DA52ACC361}.RelWithDebInfo|Win32.Build.0 = RelWithDebInfo|Win32
		{77BB5C26-CF36-4FD8-A71A-D1FFE475C24F}.Debug|Win32.ActiveCfg = Debug|Win32
		{77BB5C26-CF36-4FD8-A71A-D1FFE475C24F}.Debug|Win32.Build.0 = Debug|Win32
		{77BB5C26-CF36-4FD8-A71A-D1FFE475C24F}.Release|Win32.ActiveCfg = Release|Win32
		{77BB5C26-CF36-4FD8-A71A-D1FFE475C24F}.Release|Win32.Build.0 = Release|Win32
		{77BB5C26-CF36-4FD8-A71A-D1FFE475C24F}.RelWithDebInfo|Win32.ActiveCfg = RelWithDebInfo|Win32
		{77BB5C26-CF36-4FD8-A71A-D1FFE475C24F}.RelWithDebInfo|Win32.Build.0 = RelWithDebInfo|Win32
	EndGlobalSection
	GlobalSection(NestedProjects) = preSolution
		{8386436A-651D-421D-B930-EAB09E3B0811} = {7A6A1CB4-6E99-433C-BD56-ED071739EA74}
		{B32F4C13-0BEE-433A-A8CA-0D90EEE93261} = {7A6A1CB4-6E99-433C-BD56-ED071739EA74}
		{4668AC58-0281-4019-A955-91DA52ACC361} = {FB2DB603-5802-47BB-9841-582F73B6CA0A}
		{5A79CF56-D65A-46CA-B7C0-F8A7798764D8} = {F2C39A37-B50F-4C49-ACDD-8E4D3BE440F5}
		{77BB5C26-CF36-4FD8-A71A-D1FFE475C24F} = {C9523738-6774-4108-BBDE-FBE14D21C59F}
	EndGlobalSection
	GlobalSection(ExtensibilityGlobals) = postSolution
	EndGlobalSection
	GlobalSection(ExtensibilityAddIns) = postSolution
	EndGlobalSection
EndGlobal
